
Microsoft Visual Studio Solution File, Format Version 12.00
# Visual Studio Version 17
VisualStudioVersion = 17.9.34723.18
MinimumVisualStudioVersion = 10.0.40219.1
Project("{FAE04EC0-301F-11D3-BF4B-00C04F79EFBC}") = "OldPhonePad", "OldPhonePad\OldPhonePad.csproj", "{5521E7CB-EC2B-46A7-896A-B15A1A30B9D9}"
EndProject
Project("{FAE04EC0-301F-11D3-BF4B-00C04F79EFBC}") = "OldPhonePad.Tests", "OldPhonePad.Tests\OldPhonePad.Tests.csproj", "{EF2F34F2-0850-4747-8264-57B797DA0A99}"
EndProject
Global
	GlobalSection(SolutionConfigurationPlatforms) = preSolution
		Debug|Any CPU = Debug|Any CPU
		Release|Any CPU = Release|Any CPU
	EndGlobalSection
	GlobalSection(ProjectConfigurationPlatforms) = postSolution
		{5521E7CB-EC2B-46A7-896A-B15A1A30B9D9}.Debug|Any CPU.ActiveCfg = Debug|Any CPU
		{5521E7CB-EC2B-46A7-896A-B15A1A30B9D9}.Debug|Any CPU.Build.0 = Debug|Any CPU
		{5521E7CB-EC2B-46A7-896A-B15A1A30B9D9}.Release|Any CPU.ActiveCfg = Release|Any CPU
		{5521E7CB-EC2B-46A7-896A-B15A1A30B9D9}.Release|Any CPU.Build.0 = Release|Any CPU
		{EF2F34F2-0850-4747-8264-57B797DA0A99}.Debug|Any CPU.ActiveCfg = Debug|Any CPU
		{EF2F34F2-0850-4747-8264-57B797DA0A99}.Debug|Any CPU.Build.0 = Debug|Any CPU
		{EF2F34F2-0850-4747-8264-57B797DA0A99}.Release|Any CPU.ActiveCfg = Release|Any CPU
		{EF2F34F2-0850-4747-8264-57B797DA0A99}.Release|Any CPU.Build.0 = Release|Any CPU
	EndGlobalSection
	GlobalSection(SolutionProperties) = preSolution
		HideSolutionNode = FALSE
	EndGlobalSection
	GlobalSection(ExtensibilityGlobals) = postSolution
		SolutionGuid = {2F0A0B64-6084-4FF1-840F-F63DB56C39AB}
	EndGlobalSection
EndGlobal
